PODS:
  - AFNetworking (2.6.3):
    - AFNetworking/NSURLConnection (= 2.6.3)
    - AFNetworking/NSURLSession (= 2.6.3)
    - AFNetworking/Reachability (= 2.6.3)
    - AFNetworking/Security (= 2.6.3)
    - AFNetworking/Serialization (= 2.6.3)
    - AFNetworking/UIKit (= 2.6.3)
  - AFNetworking/NSURLConnection (2.6.3):
    - AFNetworking/Reachability
    - AFNetworking/Security
    - AFNetworking/Serialization
  - AFNetworking/NSURLSession (2.6.3):
    - AFNetworking/Reachability
    - AFNetworking/Security
    - AFNetworking/Serialization
  - AFNetworking/Reachability (2.6.3)
  - AFNetworking/Security (2.6.3)
  - AFNetworking/Serialization (2.6.3)
  - AFNetworking/UIKit (2.6.3):
    - AFNetworking/NSURLConnection
    - AFNetworking/NSURLSession
  - EAIntroView (2.8.3):
    - EARestrictedScrollView (~> 1.1.0)
  - EARestrictedScrollView (1.1.0)

DEPENDENCIES:
  - AFNetworking (~> 2.5)
  - EAIntroView (~> 2.8.0)

SPEC CHECKSUMS:
  AFNetworking: cb8d14a848e831097108418f5d49217339d4eb60
  EAIntroView: e948c83e642f30010d427e643c18a6f2b529afed
  EARestrictedScrollView: b0c2a3f92fb2610bb44d71c5e4893777c89e45ef

PODFILE CHECKSUM: 87723273b731ac3d8755b98137b0d36164db90af

COCOAPODS: 1.4.0
